
Microsoft Visual Studio Solution File, Format Version 12.00
# Visual Studio Version 17
VisualStudioVersion = 17.1.32328.378
MinimumVisualStudioVersion = 10.0.40219.1
Project("{FAE04EC0-301F-11D3-BF4B-00C04F79EFBC}") = "AssigmentPRN211", "AssigmentPRN211\AssigmentPRN211.csproj", "{E017C967-8EC7-4A4A-8446-BC16FFD6F289}"
EndProject
Global
	GlobalSection(SolutionConfigurationPlatforms) = preSolution
		Debug|Any CPU = Debug|Any CPU
		Release|Any CPU = Release|Any CPU
	EndGlobalSection
	GlobalSection(ProjectConfigurationPlatforms) = postSolution
		{E017C967-8EC7-4A4A-8446-BC16FFD6F289}.Debug|Any CPU.ActiveCfg = Debug|Any CPU
		{E017C967-8EC7-4A4A-8446-BC16FFD6F289}.Debug|Any CPU.Build.0 = Debug|Any CPU
		{E017C967-8EC7-4A4A-8446-BC16FFD6F289}.Release|Any CPU.ActiveCfg = Release|Any CPU
		{E017C967-8EC7-4A4A-8446-BC16FFD6F289}.Release|Any CPU.Build.0 = Release|Any CPU
	EndGlobalSection
	GlobalSection(SolutionProperties) = preSolution
		HideSolutionNode = FALSE
	EndGlobalSection
	GlobalSection(ExtensibilityGlobals) = postSolution
		SolutionGuid = {028DB630-D606-433E-A987-34FCE35D3EAE}
	EndGlobalSection
EndGlobal
